// !$*UTF8*$!
{
	archiveVersion = 1;
	classes = {
	};
	objectVersion = 51;
	objects = {

/* Begin PBXBuildFile section */
		56075A1F263AF0E3005ADC4D /* FavoriteProductsView.swift in Sources */ = {isa = PBXBuildFile; fileRef = 56075A1E263AF0E3005ADC4D /* FavoriteProductsView.swift */; };
		56075A22263AF112005ADC4D /* FavoriteProductsViewModel.swift in Sources */ = {isa = PBXBuildFile; fileRef = 56075A21263AF112005ADC4D /* FavoriteProductsViewModel.swift */; };
		56075A25263B0BD0005ADC4D /* FavoriteProductsViewController.swift in Sources */ = {isa = PBXBuildFile; fileRef = 56075A24263B0BD0005ADC4D /* FavoriteProductsViewController.swift */; };
		564B3B8C262AAD2E00A3D1FC /* GenericTopBar.swift in Sources */ = {isa = PBXBuildFile; fileRef = 564B3B8B262AAD2E00A3D1FC /* GenericTopBar.swift */; };
		5651B1862626A2F80047E469 /* ProductRatingView.swift in Sources */ = {isa = PBXBuildFile; fileRef = 5651B1852626A2F80047E469 /* ProductRatingView.swift */; };
		5651B18A2626B0CD0047E469 /* RootNavigationController.swift in Sources */ = {isa = PBXBuildFile; fileRef = 5651B1892626B0CD0047E469 /* RootNavigationController.swift */; };
		565BF92226383B5D00D5D888 /* ProfileAddressView.swift in Sources */ = {isa = PBXBuildFile; fileRef = 565BF92126383B5D00D5D888 /* ProfileAddressView.swift */; };
		565BF92C26383F2A00D5D888 /* GoogleService-Info.plist in Resources */ = {isa = PBXBuildFile; fileRef = 565BF92B26383F2A00D5D888 /* GoogleService-Info.plist */; };
		5662889E2621524000595EEC /* AppDelegate.swift in Sources */ = {isa = PBXBuildFile; fileRef = 5662889D2621524000595EEC /* AppDelegate.swift */; };
		566288A02621524000595EEC /* SceneDelegate.swift in Sources */ = {isa = PBXBuildFile; fileRef = 5662889F2621524000595EEC /* SceneDelegate.swift */; };
		566288A22621524000595EEC /* ViewController.swift in Sources */ = {isa = PBXBuildFile; fileRef = 566288A12621524000595EEC /* ViewController.swift */; };
		566288A72621524400595EEC /* Assets.xcassets in Resources */ = {isa = PBXBuildFile; fileRef = 566288A62621524400595EEC /* Assets.xcassets */; };
		566288AA2621524400595EEC /* LaunchScreen.storyboard in Resources */ = {isa = PBXBuildFile; fileRef = 566288A82621524400595EEC /* LaunchScreen.storyboard */; };
		566288B926215B7E00595EEC /* Extensions.swift in Sources */ = {isa = PBXBuildFile; fileRef = 566288B826215B7E00595EEC /* Extensions.swift */; };
		566288BD26215E7900595EEC /* HomeView.swift in Sources */ = {isa = PBXBuildFile; fileRef = 566288BC26215E7900595EEC /* HomeView.swift */; };
		566288C22621637C00595EEC /* HeroSectionView.swift in Sources */ = {isa = PBXBuildFile; fileRef = 566288C12621637C00595EEC /* HeroSectionView.swift */; };
		566288C52621665400595EEC /* HeroSectionViewModel.swift in Sources */ = {isa = PBXBuildFile; fileRef = 566288C42621665400595EEC /* HeroSectionViewModel.swift */; };
		566288CF262172E500595EEC /* HomeViewController.swift in Sources */ = {isa = PBXBuildFile; fileRef = 566288CE262172E500595EEC /* HomeViewController.swift */; };
		566288D22621766700595EEC /* TrendingSectionView.swift in Sources */ = {isa = PBXBuildFile; fileRef = 566288D12621766700595EEC /* TrendingSectionView.swift */; };
		566288E8262180C700595EEC /* ViewModel.swift in Sources */ = {isa = PBXBuildFile; fileRef = 566288E7262180C700595EEC /* ViewModel.swift */; };
		566288F22621FEFD00595EEC /* Product.swift in Sources */ = {isa = PBXBuildFile; fileRef = 566288F12621FEFD00595EEC /* Product.swift */; };
		5662890D2622B8DD00595EEC /* Poppins-SemiBoldItalic.ttf in Resources */ = {isa = PBXBuildFile; fileRef = 566288FB2622B8DB00595EEC /* Poppins-SemiBoldItalic.ttf */; };
		5662890E2622B8DD00595EEC /* Poppins-ExtraBoldItalic.ttf in Resources */ = {isa = PBXBuildFile; fileRef = 566288FC2622B8DB00595EEC /* Poppins-ExtraBoldItalic.ttf */; };
		5662890F2622B8DD00595EEC /* Poppins-BlackItalic.ttf in Resources */ = {isa = PBXBuildFile; fileRef = 566288FD2622B8DC00595EEC /* Poppins-BlackItalic.ttf */; };
		566289102622B8DD00595EEC /* Poppins-Bold.ttf in Resources */ = {isa = PBXBuildFile; fileRef = 566288FE2622B8DC00595EEC /* Poppins-Bold.ttf */; };
		566289112622B8DD00595EEC /* Poppins-Black.ttf in Resources */ = {isa = PBXBuildFile; fileRef = 566288FF2622B8DC00595EEC /* Poppins-Black.ttf */; };
		566289122622B8DD00595EEC /* Poppins-ExtraLightItalic.ttf in Resources */ = {isa = PBXBuildFile; fileRef = 566289002622B8DC00595EEC /* Poppins-ExtraLightItalic.ttf */; };
		566289132622B8DD00595EEC /* Poppins-ThinItalic.ttf in Resources */ = {isa = PBXBuildFile; fileRef = 566289012622B8DC00595EEC /* Poppins-ThinItalic.ttf */; };
		566289142622B8DD00595EEC /* Poppins-LightItalic.ttf in Resources */ = {isa = PBXBuildFile; fileRef = 566289022622B8DC00595EEC /* Poppins-LightItalic.ttf */; };
		566289152622B8DD00595EEC /* Poppins-Italic.ttf in Resources */ = {isa = PBXBuildFile; fileRef = 566289032622B8DC00595EEC /* Poppins-Italic.ttf */; };
		566289162622B8DD00595EEC /* Poppins-ExtraLight.ttf in Resources */ = {isa = PBXBuildFile; fileRef = 566289042622B8DC00595EEC /* Poppins-ExtraLight.ttf */; };
		566289172622B8DD00595EEC /* Poppins-ExtraBold.ttf in Resources */ = {isa = PBXBuildFile; fileRef = 566289052622B8DC00595EEC /* Poppins-ExtraBold.ttf */; };
		566289182622B8DD00595EEC /* Poppins-MediumItalic.ttf in Resources */ = {isa = PBXBuildFile; fileRef = 566289062622B8DC00595EEC /* Poppins-MediumItalic.ttf */; };
		566289192622B8DD00595EEC /* Poppins-BoldItalic.ttf in Resources */ = {isa = PBXBuildFile; fileRef = 566289072622B8DC00595EEC /* Poppins-BoldItalic.ttf */; };
		5662891A2622B8DD00595EEC /* Poppins-Regular.ttf in Resources */ = {isa = PBXBuildFile; fileRef = 566289082622B8DC00595EEC /* Poppins-Regular.ttf */; };
		5662891B2622B8DD00595EEC /* Poppins-SemiBold.ttf in Resources */ = {isa = PBXBuildFile; fileRef = 566289092622B8DC00595EEC /* Poppins-SemiBold.ttf */; };
		5662891C2622B8DD00595EEC /* Poppins-Light.ttf in Resources */ = {isa = PBXBuildFile; fileRef = 5662890A2622B8DD00595EEC /* Poppins-Light.ttf */; };
		5662891D2622B8DD00595EEC /* Poppins-Medium.ttf in Resources */ = {isa = PBXBuildFile; fileRef = 5662890B2622B8DD00595EEC /* Poppins-Medium.ttf */; };
		5662891E2622B8DD00595EEC /* Poppins-Thin.ttf in Resources */ = {isa = PBXBuildFile; fileRef = 5662890C2622B8DD00595EEC /* Poppins-Thin.ttf */; };
		566289272622BEE800595EEC /* Plain_Germanica.ttf in Resources */ = {isa = PBXBuildFile; fileRef = 566289262622BEE800595EEC /* Plain_Germanica.ttf */; };
		5662892A2622C31E00595EEC /* Constants.swift in Sources */ = {isa = PBXBuildFile; fileRef = 566289292622C31E00595EEC /* Constants.swift */; };
		566289322622CB5400595EEC /* ProductThumnbailColumnView.swift in Sources */ = {isa = PBXBuildFile; fileRef = 566289312622CB5400595EEC /* ProductThumnbailColumnView.swift */; };
		566289362622CBD300595EEC /* ProductThumnbailColumnViewModel.swift in Sources */ = {isa = PBXBuildFile; fileRef = 566289352622CBD300595EEC /* ProductThumnbailColumnViewModel.swift */; };
		566D1E17263178F700E151CF /* ProfileViewController.swift in Sources */ = {isa = PBXBuildFile; fileRef = 566D1E16263178F700E151CF /* ProfileViewController.swift */; };
		566D1E1A2631799200E151CF /* RegisterView.swift in Sources */ = {isa = PBXBuildFile; fileRef = 566D1E192631799200E151CF /* RegisterView.swift */; };
		566D1E1F263179D200E151CF /* RegisterViewModel.swift in Sources */ = {isa = PBXBuildFile; fileRef = 566D1E1E263179D200E151CF /* RegisterViewModel.swift */; };
		566D1E2226317D0900E151CF /* ProfileViewProtocol.swift in Sources */ = {isa = PBXBuildFile; fileRef = 566D1E2126317D0900E151CF /* ProfileViewProtocol.swift */; };
		566D1E252631809B00E151CF /* FormInputField.swift in Sources */ = {isa = PBXBuildFile; fileRef = 566D1E242631809B00E151CF /* FormInputField.swift */; };
		566D1E2926328B6D00E151CF /* LoginView.swift in Sources */ = {isa = PBXBuildFile; fileRef = 566D1E2826328B6D00E151CF /* LoginView.swift */; };
		566D1E2C26328C0300E151CF /* LoginViewModel.swift in Sources */ = {isa = PBXBuildFile; fileRef = 566D1E2B26328C0300E151CF /* LoginViewModel.swift */; };
		566D1E2F2633F09000E151CF /* AppRuntime.swift in Sources */ = {isa = PBXBuildFile; fileRef = 566D1E2E2633F09000E151CF /* AppRuntime.swift */; };
		566D1E32263432D600E151CF /* ProfileView.swift in Sources */ = {isa = PBXBuildFile; fileRef = 566D1E31263432D600E151CF /* ProfileView.swift */; };
		566D1E352634334A00E151CF /* ProfileViewModel.swift in Sources */ = {isa = PBXBuildFile; fileRef = 566D1E342634334A00E151CF /* ProfileViewModel.swift */; };
		566D1E382634396B00E151CF /* ProductDetailViewController.swift in Sources */ = {isa = PBXBuildFile; fileRef = 566D1E372634396B00E151CF /* ProductDetailViewController.swift */; };
		566D1E3B26343C5E00E151CF /* ProfileViewButton.swift in Sources */ = {isa = PBXBuildFile; fileRef = 566D1E3A26343C5E00E151CF /* ProfileViewButton.swift */; };
		566E103B2626FE6C0004E35F /* NumberStepperView.swift in Sources */ = {isa = PBXBuildFile; fileRef = 566E103A2626FE6C0004E35F /* NumberStepperView.swift */; };
		568ADCD3263C1EC10049A725 /* ProductARViewModel.swift in Sources */ = {isa = PBXBuildFile; fileRef = 568ADCD2263C1EC10049A725 /* ProductARViewModel.swift */; };
		568ADCD5263C497A0049A725 /* Cache.swift in Sources */ = {isa = PBXBuildFile; fileRef = 568ADCD4263C497A0049A725 /* Cache.swift */; };
		568ADCD7263C54790049A725 /* ARModel.swift in Sources */ = {isa = PBXBuildFile; fileRef = 568ADCD6263C54790049A725 /* ARModel.swift */; };
		568ADCD9263C5B020049A725 /* Storage.swift in Sources */ = {isa = PBXBuildFile; fileRef = 568ADCD8263C5B020049A725 /* Storage.swift */; };
		56963492263A7FBC00DC95CF /* ProductCollectionView.swift in Sources */ = {isa = PBXBuildFile; fileRef = 56963491263A7FBC00DC95CF /* ProductCollectionView.swift */; };
		56963496263A810400DC95CF /* ProductCollectionViewCell.swift in Sources */ = {isa = PBXBuildFile; fileRef = 56963495263A810400DC95CF /* ProductCollectionViewCell.swift */; };
		56AB83F326354A0B00576338 /* ProfileEditViewController.swift in Sources */ = {isa = PBXBuildFile; fileRef = 56AB83F226354A0B00576338 /* ProfileEditViewController.swift */; };
		56AB83F626354A6E00576338 /* ProfileEditView.swift in Sources */ = {isa = PBXBuildFile; fileRef = 56AB83F526354A6E00576338 /* ProfileEditView.swift */; };
		56AB83F926354AB100576338 /* ProfileEditViewModel.swift in Sources */ = {isa = PBXBuildFile; fileRef = 56AB83F826354AB100576338 /* ProfileEditViewModel.swift */; };
		56AB83FC26354BC800576338 /* UserModel.swift in Sources */ = {isa = PBXBuildFile; fileRef = 56AB83FB26354BC800576338 /* UserModel.swift */; };
		56AB84002635A23D00576338 /* GenericTextField.swift in Sources */ = {isa = PBXBuildFile; fileRef = 56AB83FF2635A23D00576338 /* GenericTextField.swift */; };
		56AB84042636B21F00576338 /* GenericPickerField.swift in Sources */ = {isa = PBXBuildFile; fileRef = 56AB84032636B21F00576338 /* GenericPickerField.swift */; };
		56AF9C302627FFFF00B73CDE /* ProductDetailTopBar.swift in Sources */ = {isa = PBXBuildFile; fileRef = 56AF9C2F2627FFFF00B73CDE /* ProductDetailTopBar.swift */; };
		56AF9C3326280E2F00B73CDE /* Math.swift in Sources */ = {isa = PBXBuildFile; fileRef = 56AF9C3226280E2F00B73CDE /* Math.swift */; };
		56AF9C372628197F00B73CDE /* art.scnassets in Resources */ = {isa = PBXBuildFile; fileRef = 56AF9C362628197F00B73CDE /* art.scnassets */; };
		56BDF67D262477DE00474204 /* MainTabController.swift in Sources */ = {isa = PBXBuildFile; fileRef = 56BDF67C262477DE00474204 /* MainTabController.swift */; };
		56BDF6802624A4FB00474204 /* MainTabBar.swift in Sources */ = {isa = PBXBuildFile; fileRef = 56BDF67F2624A4FA00474204 /* MainTabBar.swift */; };
		56BDF69E2625B4B900474204 /* AppModel.swift in Sources */ = {isa = PBXBuildFile; fileRef = 56BDF69D2625B4B900474204 /* AppModel.swift */; };
		56BDF6A12625C6DC00474204 /* Events.swift in Sources */ = {isa = PBXBuildFile; fileRef = 56BDF6A02625C6DC00474204 /* Events.swift */; };
		56BDF6A42625CC2C00474204 /* TrendingViewModel.swift in Sources */ = {isa = PBXBuildFile; fileRef = 56BDF6A32625CC2C00474204 /* TrendingViewModel.swift */; };
		56BDF6A82625DE3900474204 /* ProductDetailView.swift in Sources */ = {isa = PBXBuildFile; fileRef = 56BDF6A72625DE3900474204 /* ProductDetailView.swift */; };
		56BDF6AD2625DE8500474204 /* ProductDetailViewModel.swift in Sources */ = {isa = PBXBuildFile; fileRef = 56BDF6AC2625DE8500474204 /* ProductDetailViewModel.swift */; };
		56C2C0CE26281CC00017414B /* ProductARViewController.swift in Sources */ = {isa = PBXBuildFile; fileRef = 56C2C0CD26281CC00017414B /* ProductARViewController.swift */; };
		56C2C0D426286EBE0017414B /* CartViewController.swift in Sources */ = {isa = PBXBuildFile; fileRef = 56C2C0D326286EBE0017414B /* CartViewController.swift */; };
		56C2C0D726286F020017414B /* CartView.swift in Sources */ = {isa = PBXBuildFile; fileRef = 56C2C0D626286F020017414B /* CartView.swift */; };
		56C2C0DB26286F6D0017414B /* CartViewModel.swift in Sources */ = {isa = PBXBuildFile; fileRef = 56C2C0DA26286F6D0017414B /* CartViewModel.swift */; };
		56C2C0DF26294F170017414B /* CartProductView.swift in Sources */ = {isa = PBXBuildFile; fileRef = 56C2C0DE26294F170017414B /* CartProductView.swift */; };
		56C2C0E2262955380017414B /* CartProductViewModel.swift in Sources */ = {isa = PBXBuildFile; fileRef = 56C2C0E1262955380017414B /* CartProductViewModel.swift */; };
		56C2C0E526295FCA0017414B /* CartAmountStepperView.swift in Sources */ = {isa = PBXBuildFile; fileRef = 56C2C0E426295FCA0017414B /* CartAmountStepperView.swift */; };
		56C2C0EE2629B1D00017414B /* Main.storyboard in Resources */ = {isa = PBXBuildFile; fileRef = 56C2C0EB2629B1730017414B /* Main.storyboard */; };
		56C393A8262723BD0023336E /* CustomButton.swift in Sources */ = {isa = PBXBuildFile; fileRef = 56C393A7262723BD0023336E /* CustomButton.swift */; };
		9589D5C813D3813A8BBFC861 /* Pods_AR_Shop.framework in Frameworks */ = {isa = PBXBuildFile; fileRef = F8C11DDD2C93E5452885D7B4 /* Pods_AR_Shop.framework */; };
/* End PBXBuildFile section */

/* Begin PBXFileReference section */
		1AC55A09F5670FF955A2A4B4 /* Pods-AR Shop.release.xcconfig */ = {isa = PBXFileReference; includeInIndex = 1; lastKnownFileType = text.xcconfig; name = "Pods-AR Shop.release.xcconfig"; path = "Target Support Files/Pods-AR Shop/Pods-AR Shop.release.xcconfig"; sourceTree = "<group>"; };
		56075A1E263AF0E3005ADC4D /* FavoriteProductsView.swift */ = {isa = PBXFileReference; lastKnownFileType = sourcecode.swift; path = FavoriteProductsView.swift; sourceTree = "<group>"; };
		56075A21263AF112005ADC4D /* FavoriteProductsViewModel.swift */ = {isa = PBXFileReference; lastKnownFileType = sourcecode.swift; path = FavoriteProductsViewModel.swift; sourceTree = "<group>"; };
		56075A24263B0BD0005ADC4D /* FavoriteProductsViewController.swift */ = {isa = PBXFileReference; lastKnownFileType = sourcecode.swift; path = FavoriteProductsViewController.swift; sourceTree = "<group>"; };
		564B3B8B262AAD2E00A3D1FC /* GenericTopBar.swift */ = {isa = PBXFileReference; lastKnownFileType = sourcecode.swift; path = GenericTopBar.swift; sourceTree = "<group>"; };
		5651B1852626A2F80047E469 /* ProductRatingView.swift */ = {isa = PBXFileReference; lastKnownFileType = sourcecode.swift; path = ProductRatingView.swift; sourceTree = "<group>"; };
		5651B1892626B0CD0047E469 /* RootNavigationController.swift */ = {isa = PBXFileReference; lastKnownFileType = sourcecode.swift; path = RootNavigationController.swift; sourceTree = "<group>"; };
		565BF92126383B5D00D5D888 /* ProfileAddressView.swift */ = {isa = PBXFileReference; lastKnownFileType = sourcecode.swift; path = ProfileAddressView.swift; sourceTree = "<group>"; };
		565BF92B26383F2A00D5D888 /* GoogleService-Info.plist */ = {isa = PBXFileReference; fileEncoding = 4; lastKnownFileType = text.plist.xml; path = "GoogleService-Info.plist"; sourceTree = "<group>"; };
		5662889A2621524000595EEC /* AR Shop.app */ = {isa = PBXFileReference; explicitFileType = wrapper.application; includeInIndex = 0; path = "AR Shop.app"; sourceTree = BUILT_PRODUCTS_DIR; };
		5662889D2621524000595EEC /* AppDelegate.swift */ = {isa = PBXFileReference; lastKnownFileType = sourcecode.swift; path = AppDelegate.swift; sourceTree = "<group>"; };
		5662889F2621524000595EEC /* SceneDelegate.swift */ = {isa = PBXFileReference; lastKnownFileType = sourcecode.swift; path = SceneDelegate.swift; sourceTree = "<group>"; };
		566288A12621524000595EEC /* ViewController.swift */ = {isa = PBXFileReference; lastKnownFileType = sourcecode.swift; path = ViewController.swift; sourceTree = "<group>"; };
		566288A62621524400595EEC /* Assets.xcassets */ = {isa = PBXFileReference; lastKnownFileType = folder.assetcatalog; path = Assets.xcassets; sourceTree = "<group>"; };
		566288A92621524400595EEC /* Base */ = {isa = PBXFileReference; lastKnownFileType = file.storyboard; name = Base; path = Base.lproj/LaunchScreen.storyboard; sourceTree = "<group>"; };
		566288AB2621524400595EEC /* Info.plist */ = {isa = PBXFileReference; lastKnownFileType = text.plist.xml; path = Info.plist; sourceTree = "<group>"; };
		566288B826215B7E00595EEC /* Extensions.swift */ = {isa = PBXFileReference; lastKnownFileType = sourcecode.swift; path = Extensions.swift; sourceTree = "<group>"; };
		566288BC26215E7900595EEC /* HomeView.swift */ = {isa = PBXFileReference; lastKnownFileType = sourcecode.swift; path = HomeView.swift; sourceTree = "<group>"; };
		566288C12621637C00595EEC /* HeroSectionView.swift */ = {isa = PBXFileReference; lastKnownFileType = sourcecode.swift; path = HeroSectionView.swift; sourceTree = "<group>"; };
		566288C42621665400595EEC /* HeroSectionViewModel.swift */ = {isa = PBXFileReference; lastKnownFileType = sourcecode.swift; path = HeroSectionViewModel.swift; sourceTree = "<group>"; };
		566288CE262172E500595EEC /* HomeViewController.swift */ = {isa = PBXFileReference; lastKnownFileType = sourcecode.swift; path = HomeViewController.swift; sourceTree = "<group>"; };
		566288D12621766700595EEC /* TrendingSectionView.swift */ = {isa = PBXFileReference; lastKnownFileType = sourcecode.swift; path = TrendingSectionView.swift; sourceTree = "<group>"; };
		566288E7262180C700595EEC /* ViewModel.swift */ = {isa = PBXFileReference; lastKnownFileType = sourcecode.swift; path = ViewModel.swift; sourceTree = "<group>"; };
		566288F12621FEFD00595EEC /* Product.swift */ = {isa = PBXFileReference; lastKnownFileType = sourcecode.swift; path = Product.swift; sourceTree = "<group>"; };
		566288FB2622B8DB00595EEC /* Poppins-SemiBoldItalic.ttf */ = {isa = PBXFileReference; lastKnownFileType = file; path = "Poppins-SemiBoldItalic.ttf"; sourceTree = "<group>"; };
		566288FC2622B8DB00595EEC /* Poppins-ExtraBoldItalic.ttf */ = {isa = PBXFileReference; lastKnownFileType = file; path = "Poppins-ExtraBoldItalic.ttf"; sourceTree = "<group>"; };
		566288FD2622B8DC00595EEC /* Poppins-BlackItalic.ttf */ = {isa = PBXFileReference; lastKnownFileType = file; path = "Poppins-BlackItalic.ttf"; sourceTree = "<group>"; };
		566288FE2622B8DC00595EEC /* Poppins-Bold.ttf */ = {isa = PBXFileReference; lastKnownFileType = file; path = "Poppins-Bold.ttf"; sourceTree = "<group>"; };
		566288FF2622B8DC00595EEC /* Poppins-Black.ttf */ = {isa = PBXFileReference; lastKnownFileType = file; path = "Poppins-Black.ttf"; sourceTree = "<group>"; };
		566289002622B8DC00595EEC /* Poppins-ExtraLightItalic.ttf */ = {isa = PBXFileReference; lastKnownFileType = file; path = "Poppins-ExtraLightItalic.ttf"; sourceTree = "<group>"; };
		566289012622B8DC00595EEC /* Poppins-ThinItalic.ttf */ = {isa = PBXFileReference; lastKnownFileType = file; path = "Poppins-ThinItalic.ttf"; sourceTree = "<group>"; };
		566289022622B8DC00595EEC /* Poppins-LightItalic.ttf */ = {isa = PBXFileReference; lastKnownFileType = file; path = "Poppins-LightItalic.ttf"; sourceTree = "<group>"; };
		566289032622B8DC00595EEC /* Poppins-Italic.ttf */ = {isa = PBXFileReference; lastKnownFileType = file; path = "Poppins-Italic.ttf"; sourceTree = "<group>"; };
		566289042622B8DC00595EEC /* Poppins-ExtraLight.ttf */ = {isa = PBXFileReference; lastKnownFileType = file; path = "Poppins-ExtraLight.ttf"; sourceTree = "<group>"; };
		566289052622B8DC00595EEC /* Poppins-ExtraBold.ttf */ = {isa = PBXFileReference; lastKnownFileType = file; path = "Poppins-ExtraBold.ttf"; sourceTree = "<group>"; };
		566289062622B8DC00595EEC /* Poppins-MediumItalic.ttf */ = {isa = PBXFileReference; lastKnownFileType = file; path = "Poppins-MediumItalic.ttf"; sourceTree = "<group>"; };
		566289072622B8DC00595EEC /* Poppins-BoldItalic.ttf */ = {isa = PBXFileReference; lastKnownFileType = file; path = "Poppins-BoldItalic.ttf"; sourceTree = "<group>"; };
		566289082622B8DC00595EEC /* Poppins-Regular.ttf */ = {isa = PBXFileReference; lastKnownFileType = file; path = "Poppins-Regular.ttf"; sourceTree = "<group>"; };
		566289092622B8DC00595EEC /* Poppins-SemiBold.ttf */ = {isa = PBXFileReference; lastKnownFileType = file; path = "Poppins-SemiBold.ttf"; sourceTree = "<group>"; };
		5662890A2622B8DD00595EEC /* Poppins-Light.ttf */ = {isa = PBXFileReference; lastKnownFileType = file; path = "Poppins-Light.ttf"; sourceTree = "<group>"; };
		5662890B2622B8DD00595EEC /* Poppins-Medium.ttf */ = {isa = PBXFileReference; lastKnownFileType = file; path = "Poppins-Medium.ttf"; sourceTree = "<group>"; };
		5662890C2622B8DD00595EEC /* Poppins-Thin.ttf */ = {isa = PBXFileReference; lastKnownFileType = file; path = "Poppins-Thin.ttf"; sourceTree = "<group>"; };
		566289262622BEE800595EEC /* Plain_Germanica.ttf */ = {isa = PBXFileReference; lastKnownFileType = file; path = Plain_Germanica.ttf; sourceTree = "<group>"; };
		566289292622C31E00595EEC /* Constants.swift */ = {isa = PBXFileReference; lastKnownFileType = sourcecode.swift; path = Constants.swift; sourceTree = "<group>"; };
		566289312622CB5400595EEC /* ProductThumnbailColumnView.swift */ = {isa = PBXFileReference; lastKnownFileType = sourcecode.swift; path = ProductThumnbailColumnView.swift; sourceTree = "<group>"; };
		566289352622CBD300595EEC /* ProductThumnbailColumnViewModel.swift */ = {isa = PBXFileReference; lastKnownFileType = sourcecode.swift; path = ProductThumnbailColumnViewModel.swift; sourceTree = "<group>"; };
		566D1E16263178F700E151CF /* ProfileViewController.swift */ = {isa = PBXFileReference; lastKnownFileType = sourcecode.swift; path = ProfileViewController.swift; sourceTree = "<group>"; };
		566D1E192631799200E151CF /* RegisterView.swift */ = {isa = PBXFileReference; lastKnownFileType = sourcecode.swift; path = RegisterView.swift; sourceTree = "<group>"; };
		566D1E1E263179D200E151CF /* RegisterViewModel.swift */ = {isa = PBXFileReference; lastKnownFileType = sourcecode.swift; path = RegisterViewModel.swift; sourceTree = "<group>"; };
		566D1E2126317D0900E151CF /* ProfileViewProtocol.swift */ = {isa = PBXFileReference; lastKnownFileType = sourcecode.swift; path = ProfileViewProtocol.swift; sourceTree = "<group>"; };
		566D1E242631809B00E151CF /* FormInputField.swift */ = {isa = PBXFileReference; lastKnownFileType = sourcecode.swift; path = FormInputField.swift; sourceTree = "<group>"; };
		566D1E2826328B6D00E151CF /* LoginView.swift */ = {isa = PBXFileReference; lastKnownFileType = sourcecode.swift; path = LoginView.swift; sourceTree = "<group>"; };
		566D1E2B26328C0300E151CF /* LoginViewModel.swift */ = {isa = PBXFileReference; lastKnownFileType = sourcecode.swift; path = LoginViewModel.swift; sourceTree = "<group>"; };
		566D1E2E2633F09000E151CF /* AppRuntime.swift */ = {isa = PBXFileReference; lastKnownFileType = sourcecode.swift; path = AppRuntime.swift; sourceTree = "<group>"; };
		566D1E31263432D600E151CF /* ProfileView.swift */ = {isa = PBXFileReference; lastKnownFileType = sourcecode.swift; path = ProfileView.swift; sourceTree = "<group>"; };
		566D1E342634334A00E151CF /* ProfileViewModel.swift */ = {isa = PBXFileReference; lastKnownFileType = sourcecode.swift; path = ProfileViewModel.swift; sourceTree = "<group>"; };
		566D1E372634396B00E151CF /* ProductDetailViewController.swift */ = {isa = PBXFileReference; lastKnownFileType = sourcecode.swift; path = ProductDetailViewController.swift; sourceTree = "<group>"; };
		566D1E3A26343C5E00E151CF /* ProfileViewButton.swift */ = {isa = PBXFileReference; lastKnownFileType = sourcecode.swift; path = ProfileViewButton.swift; sourceTree = "<group>"; };
		566E103A2626FE6C0004E35F /* NumberStepperView.swift */ = {isa = PBXFileReference; lastKnownFileType = sourcecode.swift; path = NumberStepperView.swift; sourceTree = "<group>"; };
		568ADCD2263C1EC10049A725 /* ProductARViewModel.swift */ = {isa = PBXFileReference; lastKnownFileType = sourcecode.swift; path = ProductARViewModel.swift; sourceTree = "<group>"; };
		568ADCD4263C497A0049A725 /* Cache.swift */ = {isa = PBXFileReference; lastKnownFileType = sourcecode.swift; path = Cache.swift; sourceTree = "<group>"; };
		568ADCD6263C54790049A725 /* ARModel.swift */ = {isa = PBXFileReference; lastKnownFileType = sourcecode.swift; path = ARModel.swift; sourceTree = "<group>"; };
		568ADCD8263C5B020049A725 /* Storage.swift */ = {isa = PBXFileReference; lastKnownFileType = sourcecode.swift; path = Storage.swift; sourceTree = "<group>"; };
		56963491263A7FBC00DC95CF /* ProductCollectionView.swift */ = {isa = PBXFileReference; lastKnownFileType = sourcecode.swift; path = ProductCollectionView.swift; sourceTree = "<group>"; };
		56963495263A810400DC95CF /* ProductCollectionViewCell.swift */ = {isa = PBXFileReference; lastKnownFileType = sourcecode.swift; path = ProductCollectionViewCell.swift; sourceTree = "<group>"; };
		56AB83F226354A0B00576338 /* ProfileEditViewController.swift */ = {isa = PBXFileReference; lastKnownFileType = sourcecode.swift; path = ProfileEditViewController.swift; sourceTree = "<group>"; };
		56AB83F526354A6E00576338 /* ProfileEditView.swift */ = {isa = PBXFileReference; lastKnownFileType = sourcecode.swift; path = ProfileEditView.swift; sourceTree = "<group>"; };
		56AB83F826354AB100576338 /* ProfileEditViewModel.swift */ = {isa = PBXFileReference; lastKnownFileType = sourcecode.swift; path = ProfileEditViewModel.swift; sourceTree = "<group>"; };
		56AB83FB26354BC800576338 /* UserModel.swift */ = {isa = PBXFileReference; lastKnownFileType = sourcecode.swift; path = UserModel.swift; sourceTree = "<group>"; };
		56AB83FF2635A23D00576338 /* GenericTextField.swift */ = {isa = PBXFileReference; lastKnownFileType = sourcecode.swift; path = GenericTextField.swift; sourceTree = "<group>"; };
		56AB84032636B21F00576338 /* GenericPickerField.swift */ = {isa = PBXFileReference; lastKnownFileType = sourcecode.swift; path = GenericPickerField.swift; sourceTree = "<group>"; };
		56AF9C2F2627FFFF00B73CDE /* ProductDetailTopBar.swift */ = {isa = PBXFileReference; lastKnownFileType = sourcecode.swift; path = ProductDetailTopBar.swift; sourceTree = "<group>"; };
		56AF9C3226280E2F00B73CDE /* Math.swift */ = {isa = PBXFileReference; lastKnownFileType = sourcecode.swift; path = Math.swift; sourceTree = "<group>"; };
		56AF9C362628197F00B73CDE /* art.scnassets */ = {isa = PBXFileReference; lastKnownFileType = wrapper.scnassets; path = art.scnassets; sourceTree = "<group>"; };
		56BDF67C262477DE00474204 /* MainTabController.swift */ = {isa = PBXFileReference; lastKnownFileType = sourcecode.swift; path = MainTabController.swift; sourceTree = "<group>"; };
		56BDF67F2624A4FA00474204 /* MainTabBar.swift */ = {isa = PBXFileReference; lastKnownFileType = sourcecode.swift; path = MainTabBar.swift; sourceTree = "<group>"; };
		56BDF69D2625B4B900474204 /* AppModel.swift */ = {isa = PBXFileReference; lastKnownFileType = sourcecode.swift; path = AppModel.swift; sourceTree = "<group>"; };
		56BDF6A02625C6DC00474204 /* Events.swift */ = {isa = PBXFileReference; lastKnownFileType = sourcecode.swift; path = Events.swift; sourceTree = "<group>"; };
		56BDF6A32625CC2C00474204 /* TrendingViewModel.swift */ = {isa = PBXFileReference; lastKnownFileType = sourcecode.swift; path = TrendingViewModel.swift; sourceTree = "<group>"; };
		56BDF6A72625DE3900474204 /* ProductDetailView.swift */ = {isa = PBXFileReference; lastKnownFileType = sourcecode.swift; path = ProductDetailView.swift; sourceTree = "<group>"; };
		56BDF6AC2625DE8500474204 /* ProductDetailViewModel.swift */ = {isa = PBXFileReference; lastKnownFileType = sourcecode.swift; path = ProductDetailViewModel.swift; sourceTree = "<group>"; };
		56C2C0CD26281CC00017414B /* ProductARViewController.swift */ = {isa = PBXFileReference; lastKnownFileType = sourcecode.swift; path = ProductARViewController.swift; sourceTree = "<group>"; };
		56C2C0D326286EBE0017414B /* CartViewController.swift */ = {isa = PBXFileReference; lastKnownFileType = sourcecode.swift; path = CartViewController.swift; sourceTree = "<group>"; };
		56C2C0D626286F020017414B /* CartView.swift */ = {isa = PBXFileReference; lastKnownFileType = sourcecode.swift; path = CartView.swift; sourceTree = "<group>"; };
		56C2C0DA26286F6D0017414B /* CartViewModel.swift */ = {isa = PBXFileReference; lastKnownFileType = sourcecode.swift; path = CartViewModel.swift; sourceTree = "<group>"; };
		56C2C0DE26294F170017414B /* CartProductView.swift */ = {isa = PBXFileReference; lastKnownFileType = sourcecode.swift; path = CartProductView.swift; sourceTree = "<group>"; };
		56C2C0E1262955380017414B /* CartProductViewModel.swift */ = {isa = PBXFileReference; lastKnownFileType = sourcecode.swift; path = CartProductViewModel.swift; sourceTree = "<group>"; };
		56C2C0E426295FCA0017414B /* CartAmountStepperView.swift */ = {isa = PBXFileReference; lastKnownFileType = sourcecode.swift; path = CartAmountStepperView.swift; sourceTree = "<group>"; };
		56C2C0EB2629B1730017414B /* Main.storyboard */ = {isa = PBXFileReference; lastKnownFileType = file.storyboard; path = Main.storyboard; sourceTree = "<group>"; };
		56C393A7262723BD0023336E /* CustomButton.swift */ = {isa = PBXFileReference; lastKnownFileType = sourcecode.swift; path = CustomButton.swift; sourceTree = "<group>"; };
		E9F2001927BBF35BAA41A3F5 /* Pods-AR Shop.debug.xcconfig */ = {isa = PBXFileReference; includeInIndex = 1; lastKnownFileType = text.xcconfig; name = "Pods-AR Shop.debug.xcconfig"; path = "Target Support Files/Pods-AR Shop/Pods-AR Shop.debug.xcconfig"; sourceTree = "<group>"; };
		F8C11DDD2C93E5452885D7B4 /* Pods_AR_Shop.framework */ = {isa = PBXFileReference; explicitFileType = wrapper.framework; includeInIndex = 0; path = Pods_AR_Shop.framework; sourceTree = BUILT_PRODUCTS_DIR; };
/* End PBXFileReference section */

/* Begin PBXFrameworksBuildPhase section */
		566288972621524000595EEC /* Frameworks */ = {
			isa = PBXFrameworksBuildPhase;
			buildActionMask = 2147483647;
			files = (
				9589D5C813D3813A8BBFC861 /* Pods_AR_Shop.framework in Frameworks */,
			);
			runOnlyForDeploymentPostprocessing = 0;
		};
/* End PBXFrameworksBuildPhase section */

/* Begin PBXGroup section */
		3F09CD0409A2DBA4D89863BB /* Pods */ = {
			isa = PBXGroup;
			children = (
				E9F2001927BBF35BAA41A3F5 /* Pods-AR Shop.debug.xcconfig */,
				1AC55A09F5670FF955A2A4B4 /* Pods-AR Shop.release.xcconfig */,
			);
			path = Pods;
			sourceTree = "<group>";
		};
		565BF92426383C8C00D5D888 /* CustomViews */ = {
			isa = PBXGroup;
			children = (
				565BF92126383B5D00D5D888 /* ProfileAddressView.swift */,
			);
			path = CustomViews;
			sourceTree = "<group>";
		};
		566288912621524000595EEC = {
			isa = PBXGroup;
			children = (
				5662889C2621524000595EEC /* AR Shop */,
				5662889B2621524000595EEC /* Products */,
				3F09CD0409A2DBA4D89863BB /* Pods */,
				DEB5283F32B201EB582D3EB2 /* Frameworks */,
			);
			sourceTree = "<group>";
		};
		5662889B2621524000595EEC /* Products */ = {
			isa = PBXGroup;
			children = (
				5662889A2621524000595EEC /* AR Shop.app */,
			);
			name = Products;
			sourceTree = "<group>";
		};
		5662889C2621524000595EEC /* AR Shop */ = {
			isa = PBXGroup;
			children = (
				566288B32621597700595EEC /* Models */,
				566288B52621598700595EEC /* Views */,
				566288B42621597A00595EEC /* ViewModels */,
				566288B626215B6200595EEC /* API */,
				566288B726215B7100595EEC /* Utils */,
				566289202622B8E200595EEC /* Fonts */,
				5662889D2621524000595EEC /* AppDelegate.swift */,
				5662889F2621524000595EEC /* SceneDelegate.swift */,
				566288A12621524000595EEC /* ViewController.swift */,
				566288A62621524400595EEC /* Assets.xcassets */,
				56AF9C362628197F00B73CDE /* art.scnassets */,
				56C2C0EB2629B1730017414B /* Main.storyboard */,
				566288A82621524400595EEC /* LaunchScreen.storyboard */,
				566288AB2621524400595EEC /* Info.plist */,
				565BF92B26383F2A00D5D888 /* GoogleService-Info.plist */,
			);
			path = "AR Shop";
			sourceTree = "<group>";
		};
		566288B32621597700595EEC /* Models */ = {
			isa = PBXGroup;
			children = (
				566288F12621FEFD00595EEC /* Product.swift */,
				56BDF69D2625B4B900474204 /* AppModel.swift */,
				56AB83FB26354BC800576338 /* UserModel.swift */,
				568ADCD6263C54790049A725 /* ARModel.swift */,
				568ADCD8263C5B020049A725 /* Storage.swift */,
			);
			path = Models;
			sourceTree = "<group>";
		};
		566288B42621597A00595EEC /* ViewModels */ = {
			isa = PBXGroup;
			children = (
				568ADCD2263C1EC10049A725 /* ProductARViewModel.swift */,
				566D1E1C263179B100E151CF /* ProfilePage */,
				56C2C0D926286F550017414B /* CartPage */,
				56BDF6AB2625DE7600474204 /* ProductDetailPage */,
				566289302622CA5200595EEC /* HomePage */,
				566288E7262180C700595EEC /* ViewModel.swift */,
			);
			path = ViewModels;
			sourceTree = "<group>";
		};
		566288B52621598700595EEC /* Views */ = {
			isa = PBXGroup;
			children = (
				56AF9C352628193700B73CDE /* ARView */,
				566E103D2627234E0004E35F /* CustomViews */,
				56963490263A7F7C00DC95CF /* ProductCollection */,
				566D1E132631783000E151CF /* ProfilePage */,
				56C2C0D126286E050017414B /* CartPage */,
				56BDF6A62625DE2A00474204 /* ProductDetailPage */,
				566288C02621635D00595EEC /* HomePage */,
				5651B1892626B0CD0047E469 /* RootNavigationController.swift */,
				56BDF67F2624A4FA00474204 /* MainTabBar.swift */,
				56BDF67C262477DE00474204 /* MainTabController.swift */,
			);
			path = Views;
			sourceTree = "<group>";
		};
		566288B626215B6200595EEC /* API */ = {
			isa = PBXGroup;
			children = (
				566D1E2E2633F09000E151CF /* AppRuntime.swift */,
			);
			path = API;
			sourceTree = "<group>";
		};
		566288B726215B7100595EEC /* Utils */ = {
			isa = PBXGroup;
			children = (
				566288B826215B7E00595EEC /* Extensions.swift */,
				566289292622C31E00595EEC /* Constants.swift */,
				56BDF6A02625C6DC00474204 /* Events.swift */,
				56AF9C3226280E2F00B73CDE /* Math.swift */,
				568ADCD4263C497A0049A725 /* Cache.swift */,
			);
			path = Utils;
			sourceTree = "<group>";
		};
		566288C02621635D00595EEC /* HomePage */ = {
			isa = PBXGroup;
			children = (
				566288BC26215E7900595EEC /* HomeView.swift */,
				566288CE262172E500595EEC /* HomeViewController.swift */,
				566288C12621637C00595EEC /* HeroSectionView.swift */,
				566288D12621766700595EEC /* TrendingSectionView.swift */,
				566289312622CB5400595EEC /* ProductThumnbailColumnView.swift */,
			);
			path = HomePage;
			sourceTree = "<group>";
		};
		566289202622B8E200595EEC /* Fonts */ = {
			isa = PBXGroup;
			children = (
				566289262622BEE800595EEC /* Plain_Germanica.ttf */,
				566288FF2622B8DC00595EEC /* Poppins-Black.ttf */,
				566288FD2622B8DC00595EEC /* Poppins-BlackItalic.ttf */,
				566288FE2622B8DC00595EEC /* Poppins-Bold.ttf */,
				566289072622B8DC00595EEC /* Poppins-BoldItalic.ttf */,
				566289052622B8DC00595EEC /* Poppins-ExtraBold.ttf */,
				566288FC2622B8DB00595EEC /* Poppins-ExtraBoldItalic.ttf */,
				566289042622B8DC00595EEC /* Poppins-ExtraLight.ttf */,
				566289002622B8DC00595EEC /* Poppins-ExtraLightItalic.ttf */,
				566289032622B8DC00595EEC /* Poppins-Italic.ttf */,
				5662890A2622B8DD00595EEC /* Poppins-Light.ttf */,
				566289022622B8DC00595EEC /* Poppins-LightItalic.ttf */,
				5662890B2622B8DD00595EEC /* Poppins-Medium.ttf */,
				566289062622B8DC00595EEC /* Poppins-MediumItalic.ttf */,
				566289082622B8DC00595EEC /* Poppins-Regular.ttf */,
				566289092622B8DC00595EEC /* Poppins-SemiBold.ttf */,
				566288FB2622B8DB00595EEC /* Poppins-SemiBoldItalic.ttf */,
				5662890C2622B8DD00595EEC /* Poppins-Thin.ttf */,
				566289012622B8DC00595EEC /* Poppins-ThinItalic.ttf */,
			);
			path = Fonts;
			sourceTree = "<group>";
		};
		566289302622CA5200595EEC /* HomePage */ = {
			isa = PBXGroup;
			children = (
				566288C42621665400595EEC /* HeroSectionViewModel.swift */,
				566289352622CBD300595EEC /* ProductThumnbailColumnViewModel.swift */,
				56BDF6A32625CC2C00474204 /* TrendingViewModel.swift */,
			);
			path = HomePage;
			sourceTree = "<group>";
		};
		566D1E132631783000E151CF /* ProfilePage */ = {
			isa = PBXGroup;
			children = (
				565BF92426383C8C00D5D888 /* CustomViews */,
				566D1E2126317D0900E151CF /* ProfileViewProtocol.swift */,
				566D1E16263178F700E151CF /* ProfileViewController.swift */,
				566D1E192631799200E151CF /* RegisterView.swift */,
				566D1E2826328B6D00E151CF /* LoginView.swift */,
				566D1E31263432D600E151CF /* ProfileView.swift */,
				566D1E3A26343C5E00E151CF /* ProfileViewButton.swift */,
				56AB83F226354A0B00576338 /* ProfileEditViewController.swift */,
				56AB83F526354A6E00576338 /* ProfileEditView.swift */,
				56075A1E263AF0E3005ADC4D /* FavoriteProductsView.swift */,
				56075A24263B0BD0005ADC4D /* FavoriteProductsViewController.swift */,
			);
			path = ProfilePage;
			sourceTree = "<group>";
		};
		566D1E1C263179B100E151CF /* ProfilePage */ = {
			isa = PBXGroup;
			children = (
				566D1E1E263179D200E151CF /* RegisterViewModel.swift */,
				566D1E2B26328C0300E151CF /* LoginViewModel.swift */,
				566D1E342634334A00E151CF /* ProfileViewModel.swift */,
				56AB83F826354AB100576338 /* ProfileEditViewModel.swift */,
				56075A21263AF112005ADC4D /* FavoriteProductsViewModel.swift */,
			);
			path = ProfilePage;
			sourceTree = "<group>";
		};
		566E103D2627234E0004E35F /* CustomViews */ = {
			isa = PBXGroup;
			children = (
				56C393A7262723BD0023336E /* CustomButton.swift */,
				564B3B8B262AAD2E00A3D1FC /* GenericTopBar.swift */,
				566D1E242631809B00E151CF /* FormInputField.swift */,
				56AB83FF2635A23D00576338 /* GenericTextField.swift */,
				56AB84032636B21F00576338 /* GenericPickerField.swift */,
			);
			path = CustomViews;
			sourceTree = "<group>";
		};
		56963490263A7F7C00DC95CF /* ProductCollection */ = {
			isa = PBXGroup;
			children = (
				56963491263A7FBC00DC95CF /* ProductCollectionView.swift */,
				56963495263A810400DC95CF /* ProductCollectionViewCell.swift */,
			);
			path = ProductCollection;
			sourceTree = "<group>";
		};
		56AF9C352628193700B73CDE /* ARView */ = {
			isa = PBXGroup;
			children = (
				56C2C0CD26281CC00017414B /* ProductARViewController.swift */,
			);
			path = ARView;
			sourceTree = "<group>";
		};
		56BDF6A62625DE2A00474204 /* ProductDetailPage */ = {
			isa = PBXGroup;
			children = (
				566D1E372634396B00E151CF /* ProductDetailViewController.swift */,
				56BDF6A72625DE3900474204 /* ProductDetailView.swift */,
				5651B1852626A2F80047E469 /* ProductRatingView.swift */,
				566E103A2626FE6C0004E35F /* NumberStepperView.swift */,
				56AF9C2F2627FFFF00B73CDE /* ProductDetailTopBar.swift */,
			);
			path = ProductDetailPage;
			sourceTree = "<group>";
		};
		56BDF6AB2625DE7600474204 /* ProductDetailPage */ = {
			isa = PBXGroup;
			children = (
				56BDF6AC2625DE8500474204 /* ProductDetailViewModel.swift */,
			);
			path = ProductDetailPage;
			sourceTree = "<group>";
		};
		56C2C0D126286E050017414B /* CartPage */ = {
			isa = PBXGroup;
			children = (
				56C2C0D326286EBE0017414B /* CartViewController.swift */,
				56C2C0D626286F020017414B /* CartView.swift */,
				56C2C0DE26294F170017414B /* CartProductView.swift */,
				56C2C0E426295FCA0017414B /* CartAmountStepperView.swift */,
			);
			path = CartPage;
			sourceTree = "<group>";
		};
		56C2C0D926286F550017414B /* CartPage */ = {
			isa = PBXGroup;
			children = (
				56C2C0DA26286F6D0017414B /* CartViewModel.swift */,
				56C2C0E1262955380017414B /* CartProductViewModel.swift */,
			);
			path = CartPage;
			sourceTree = "<group>";
		};
		DEB5283F32B201EB582D3EB2 /* Frameworks */ = {
			isa = PBXGroup;
			children = (
				F8C11DDD2C93E5452885D7B4 /* Pods_AR_Shop.framework */,
			);
			name = Frameworks;
			sourceTree = "<group>";
		};
/* End PBXGroup section */

/* Begin PBXNativeTarget section */
		566288992621524000595EEC /* AR Shop */ = {
			isa = PBXNativeTarget;
			buildConfigurationList = 566288AE2621524400595EEC /* Build configuration list for PBXNativeTarget "AR Shop" */;
			buildPhases = (
				E27466040FF0798721EC1AB5 /* [CP] Check Pods Manifest.lock */,
				566288962621524000595EEC /* Sources */,
				566288972621524000595EEC /* Frameworks */,
				566288982621524000595EEC /* Resources */,
				A0ACC8B7DFB858BAE2CA735C /* [CP] Embed Pods Frameworks */,
			);
			buildRules = (
			);
			dependencies = (
			);
			name = "AR Shop";
			productName = "AR Shop";
			productReference = 5662889A2621524000595EEC /* AR Shop.app */;
			productType = "com.apple.product-type.application";
		};
/* End PBXNativeTarget section */

/* Begin PBXProject section */
		566288922621524000595EEC /* Project object */ = {
			isa = PBXProject;
			attributes = {
				LastSwiftUpdateCheck = 1240;
				LastUpgradeCheck = 1240;
				TargetAttributes = {
					566288992621524000595EEC = {
						CreatedOnToolsVersion = 12.4;
					};
				};
			};
			buildConfigurationList = 566288952621524000595EEC /* Build configuration list for PBXProject "AR Shop" */;
			compatibilityVersion = "Xcode 9.3";
			developmentRegion = en;
			hasScannedForEncodings = 0;
			knownRegions = (
				en,
				Base,
			);
			mainGroup = 566288912621524000595EEC;
			productRefGroup = 5662889B2621524000595EEC /* Products */;
			projectDirPath = "";
			projectRoot = "";
			targets = (
				566288992621524000595EEC /* AR Shop */,
			);
		};
/* End PBXProject section */

/* Begin PBXResourcesBuildPhase section */
		566288982621524000595EEC /* Resources */ = {
			isa = PBXResourcesBuildPhase;
			buildActionMask = 2147483647;
			files = (
				566289112622B8DD00595EEC /* Poppins-Black.ttf in Resources */,
				566288AA2621524400595EEC /* LaunchScreen.storyboard in Resources */,
				5662890D2622B8DD00595EEC /* Poppins-SemiBoldItalic.ttf in Resources */,
				56C2C0EE2629B1D00017414B /* Main.storyboard in Resources */,
				56AF9C372628197F00B73CDE /* art.scnassets in Resources */,
				566289122622B8DD00595EEC /* Poppins-ExtraLightItalic.ttf in Resources */,
				566289182622B8DD00595EEC /* Poppins-MediumItalic.ttf in Resources */,
				5662891A2622B8DD00595EEC /* Poppins-Regular.ttf in Resources */,
				566289102622B8DD00595EEC /* Poppins-Bold.ttf in Resources */,
				566288A72621524400595EEC /* Assets.xcassets in Resources */,
				566289152622B8DD00595EEC /* Poppins-Italic.ttf in Resources */,
				5662891D2622B8DD00595EEC /* Poppins-Medium.ttf in Resources */,
				5662891C2622B8DD00595EEC /* Poppins-Light.ttf in Resources */,
				566289132622B8DD00595EEC /* Poppins-ThinItalic.ttf in Resources */,
				5662890F2622B8DD00595EEC /* Poppins-BlackItalic.ttf in Resources */,
				566289172622B8DD00595EEC /* Poppins-ExtraBold.ttf in Resources */,
				5662891E2622B8DD00595EEC /* Poppins-Thin.ttf in Resources */,
				565BF92C26383F2A00D5D888 /* GoogleService-Info.plist in Resources */,
				5662890E2622B8DD00595EEC /* Poppins-ExtraBoldItalic.ttf in Resources */,
				566289142622B8DD00595EEC /* Poppins-LightItalic.ttf in Resources */,
				5662891B2622B8DD00595EEC /* Poppins-SemiBold.ttf in Resources */,
				566289272622BEE800595EEC /* Plain_Germanica.ttf in Resources */,
				566289162622B8DD00595EEC /* Poppins-ExtraLight.ttf in Resources */,
				566289192622B8DD00595EEC /* Poppins-BoldItalic.ttf in Resources */,
			);
			runOnlyForDeploymentPostprocessing = 0;
		};
/* End PBXResourcesBuildPhase section */

/* Begin PBXShellScriptBuildPhase section */
		A0ACC8B7DFB858BAE2CA735C /* [CP] Embed Pods Frameworks */ = {
			isa = PBXShellScriptBuildPhase;
			buildActionMask = 2147483647;
			files = (
			);
			inputFileListPaths = (
				"${PODS_ROOT}/Target Support Files/Pods-AR Shop/Pods-AR Shop-frameworks-${CONFIGURATION}-input-files.xcfilelist",
			);
			name = "[CP] Embed Pods Frameworks";
			outputFileListPaths = (
				"${PODS_ROOT}/Target Support Files/Pods-AR Shop/Pods-AR Shop-frameworks-${CONFIGURATION}-output-files.xcfilelist",
			);
			runOnlyForDeploymentPostprocessing = 0;
			shellPath = /bin/sh;
			shellScript = "\"${PODS_ROOT}/Target Support Files/Pods-AR Shop/Pods-AR Shop-frameworks.sh\"\n";
			showEnvVarsInLog = 0;
		};
		E27466040FF0798721EC1AB5 /* [CP] Check Pods Manifest.lock */ = {
			isa = PBXShellScriptBuildPhase;
			buildActionMask = 2147483647;
			files = (
			);
			inputFileListPaths = (
			);
			inputPaths = (
				"${PODS_PODFILE_DIR_PATH}/Podfile.lock",
				"${PODS_ROOT}/Manifest.lock",
			);
			name = "[CP] Check Pods Manifest.lock";
			outputFileListPaths = (
			);
			outputPaths = (
				"$(DERIVED_FILE_DIR)/Pods-AR Shop-checkManifestLockResult.txt",
			);
			runOnlyForDeploymentPostprocessing = 0;
			shellPath = /bin/sh;
			shellScript = "diff \"${PODS_PODFILE_DIR_PATH}/Podfile.lock\" \"${PODS_ROOT}/Manifest.lock\" > /dev/null\nif [ $? != 0 ] ; then\n    # print error to STDERR\n    echo \"error: The sandbox is not in sync with the Podfile.lock. Run 'pod install' or update your CocoaPods installation.\" >&2\n    exit 1\nfi\n# This output is used by Xcode 'outputs' to avoid re-running this script phase.\necho \"SUCCESS\" > \"${SCRIPT_OUTPUT_FILE_0}\"\n";
			showEnvVarsInLog = 0;
		};
/* End PBXShellScriptBuildPhase section */

/* Begin PBXSourcesBuildPhase section */
		566288962621524000595EEC /* Sources */ = {
			isa = PBXSourcesBuildPhase;
			buildActionMask = 2147483647;
			files = (
				56C2C0D726286F020017414B /* CartView.swift in Sources */,
				56BDF6A12625C6DC00474204 /* Events.swift in Sources */,
				56963496263A810400DC95CF /* ProductCollectionViewCell.swift in Sources */,
				56C2C0E526295FCA0017414B /* CartAmountStepperView.swift in Sources */,
				566288A22621524000595EEC /* ViewController.swift in Sources */,
				56AB84042636B21F00576338 /* GenericPickerField.swift in Sources */,
				56963492263A7FBC00DC95CF /* ProductCollectionView.swift in Sources */,
				5662892A2622C31E00595EEC /* Constants.swift in Sources */,
				56BDF67D262477DE00474204 /* MainTabController.swift in Sources */,
				566D1E17263178F700E151CF /* ProfileViewController.swift in Sources */,
				56C393A8262723BD0023336E /* CustomButton.swift in Sources */,
				5651B1862626A2F80047E469 /* ProductRatingView.swift in Sources */,
				56075A1F263AF0E3005ADC4D /* FavoriteProductsView.swift in Sources */,
				566289322622CB5400595EEC /* ProductThumnbailColumnView.swift in Sources */,
				56BDF6AD2625DE8500474204 /* ProductDetailViewModel.swift in Sources */,
				56AB84002635A23D00576338 /* GenericTextField.swift in Sources */,
				566288F22621FEFD00595EEC /* Product.swift in Sources */,
				566288D22621766700595EEC /* TrendingSectionView.swift in Sources */,
				56075A22263AF112005ADC4D /* FavoriteProductsViewModel.swift in Sources */,
				566D1E1A2631799200E151CF /* RegisterView.swift in Sources */,
				566D1E2226317D0900E151CF /* ProfileViewProtocol.swift in Sources */,
				566D1E382634396B00E151CF /* ProductDetailViewController.swift in Sources */,
				56AB83F326354A0B00576338 /* ProfileEditViewController.swift in Sources */,
				566D1E252631809B00E151CF /* FormInputField.swift in Sources */,
				56C2C0E2262955380017414B /* CartProductViewModel.swift in Sources */,
				566D1E2F2633F09000E151CF /* AppRuntime.swift in Sources */,
				5662889E2621524000595EEC /* AppDelegate.swift in Sources */,
				56AF9C3326280E2F00B73CDE /* Math.swift in Sources */,
				568ADCD7263C54790049A725 /* ARModel.swift in Sources */,
				566D1E3B26343C5E00E151CF /* ProfileViewButton.swift in Sources */,
				566D1E32263432D600E151CF /* ProfileView.swift in Sources */,
				568ADCD5263C497A0049A725 /* Cache.swift in Sources */,
				56BDF6A82625DE3900474204 /* ProductDetailView.swift in Sources */,
				566D1E2C26328C0300E151CF /* LoginViewModel.swift in Sources */,
				566288A02621524000595EEC /* SceneDelegate.swift in Sources */,
				564B3B8C262AAD2E00A3D1FC /* GenericTopBar.swift in Sources */,
				566288CF262172E500595EEC /* HomeViewController.swift in Sources */,
				568ADCD3263C1EC10049A725 /* ProductARViewModel.swift in Sources */,
				56C2C0CE26281CC00017414B /* ProductARViewController.swift in Sources */,
				56AB83FC26354BC800576338 /* UserModel.swift in Sources */,
				56AB83F626354A6E00576338 /* ProfileEditView.swift in Sources */,
				56AF9C302627FFFF00B73CDE /* ProductDetailTopBar.swift in Sources */,
				566288E8262180C700595EEC /* ViewModel.swift in Sources */,
				566288B926215B7E00595EEC /* Extensions.swift in Sources */,
				565BF92226383B5D00D5D888 /* ProfileAddressView.swift in Sources */,
				566288C52621665400595EEC /* HeroSectionViewModel.swift in Sources */,
				566288C22621637C00595EEC /* HeroSectionView.swift in Sources */,
				566D1E1F263179D200E151CF /* RegisterViewModel.swift in Sources */,
				56C2C0DF26294F170017414B /* CartProductView.swift in Sources */,
				566E103B2626FE6C0004E35F /* NumberStepperView.swift in Sources */,
				568ADCD9263C5B020049A725 /* Storage.swift in Sources */,
				5651B18A2626B0CD0047E469 /* RootNavigationController.swift in Sources */,
				56AB83F926354AB100576338 /* ProfileEditViewModel.swift in Sources */,
				56BDF69E2625B4B900474204 /* AppModel.swift in Sources */,
				566288BD26215E7900595EEC /* HomeView.swift in Sources */,
				56C2C0DB26286F6D0017414B /* CartViewModel.swift in Sources */,
				56075A25263B0BD0005ADC4D /* FavoriteProductsViewController.swift in Sources */,
				566D1E352634334A00E151CF /* ProfileViewModel.swift in Sources */,
				56C2C0D426286EBE0017414B /* CartViewController.swift in Sources */,
				566289362622CBD300595EEC /* ProductThumnbailColumnViewModel.swift in Sources */,
				56BDF6A42625CC2C00474204 /* TrendingViewModel.swift in Sources */,
				566D1E2926328B6D00E151CF /* LoginView.swift in Sources */,
				56BDF6802624A4FB00474204 /* MainTabBar.swift in Sources */,
			);
			runOnlyForDeploymentPostprocessing = 0;
		};
/* End PBXSourcesBuildPhase section */

/* Begin PBXVariantGroup section */
		566288A82621524400595EEC /* LaunchScreen.storyboard */ = {
			isa = PBXVariantGroup;
			children = (
				566288A92621524400595EEC /* Base */,
			);
			name = LaunchScreen.storyboard;
			sourceTree = "<group>";
		};
/* End PBXVariantGroup section */

/* Begin XCBuildConfiguration section */
		566288AC2621524400595EEC /* Debug */ = {
			isa = XCBuildConfiguration;
			buildSettings = {
				ALWAYS_SEARCH_USER_PATHS = NO;
				CLANG_ANALYZER_NONNULL = YES;
				CLANG_ANALYZER_NUMBER_OBJECT_CONVERSION = YES_AGGRESSIVE;
				CLANG_CXX_LANGUAGE_STANDARD = "gnu++14";
				CLANG_CXX_LIBRARY = "libc++";
				CLANG_ENABLE_MODULES = YES;
				CLANG_ENABLE_OBJC_ARC = YES;
				CLANG_ENABLE_OBJC_WEAK = YES;
				CLANG_WARN_BLOCK_CAPTURE_AUTORELEASING = YES;
				CLANG_WARN_BOOL_CONVERSION = YES;
				CLANG_WARN_COMMA = YES;
				CLANG_WARN_CONSTANT_CONVERSION = YES;
				CLANG_WARN_DEPRECATED_OBJC_IMPLEMENTATIONS = YES;
				CLANG_WARN_DIRECT_OBJC_ISA_USAGE = YES_ERROR;
				CLANG_WARN_DOCUMENTATION_COMMENTS = YES;
				CLANG_WARN_EMPTY_BODY = YES;
				CLANG_WARN_ENUM_CONVERSION = YES;
				CLANG_WARN_INFINITE_RECURSION = YES;
				CLANG_WARN_INT_CONVERSION = YES;
				CLANG_WARN_NON_LITERAL_NULL_CONVERSION = YES;
				CLANG_WARN_OBJC_IMPLICIT_RETAIN_SELF = YES;
				CLANG_WARN_OBJC_LITERAL_CONVERSION = YES;
				CLANG_WARN_OBJC_ROOT_CLASS = YES_ERROR;
				CLANG_WARN_QUOTED_INCLUDE_IN_FRAMEWORK_HEADER = YES;
				CLANG_WARN_RANGE_LOOP_ANALYSIS = YES;
				CLANG_WARN_STRICT_PROTOTYPES = YES;
				CLANG_WARN_SUSPICIOUS_MOVE = YES;
				CLANG_WARN_UNGUARDED_AVAILABILITY = YES_AGGRESSIVE;
				CLANG_WARN_UNREACHABLE_CODE = YES;
				CLANG_WARN__DUPLICATE_METHOD_MATCH = YES;
				COPY_PHASE_STRIP = NO;
				DEBUG_INFORMATION_FORMAT = dwarf;
				ENABLE_STRICT_OBJC_MSGSEND = YES;
				ENABLE_TESTABILITY = YES;
				GCC_C_LANGUAGE_STANDARD = gnu11;
				GCC_DYNAMIC_NO_PIC = NO;
				GCC_NO_COMMON_BLOCKS = YES;
				GCC_OPTIMIZATION_LEVEL = 0;
				GCC_PREPROCESSOR_DEFINITIONS = (
					"DEBUG=1",
					"$(inherited)",
				);
				GCC_WARN_64_TO_32_BIT_CONVERSION = YES;
				GCC_WARN_ABOUT_RETURN_TYPE = YES_ERROR;
				GCC_WARN_UNDECLARED_SELECTOR = YES;
				GCC_WARN_UNINITIALIZED_AUTOS = YES_AGGRESSIVE;
				GCC_WARN_UNUSED_FUNCTION = YES;
				GCC_WARN_UNUSED_VARIABLE = YES;
				IPHONEOS_DEPLOYMENT_TARGET = 14.4;
				MTL_ENABLE_DEBUG_INFO = INCLUDE_SOURCE;
				MTL_FAST_MATH = YES;
				ONLY_ACTIVE_ARCH = YES;
				SDKROOT = iphoneos;
				SWIFT_ACTIVE_COMPILATION_CONDITIONS = DEBUG;
				SWIFT_OPTIMIZATION_LEVEL = "-Onone";
			};
			name = Debug;
		};
		566288AD2621524400595EEC /* Release */ = {
			isa = XCBuildConfiguration;
			buildSettings = {
				ALWAYS_SEARCH_USER_PATHS = NO;
				CLANG_ANALYZER_NONNULL = YES;
				CLANG_ANALYZER_NUMBER_OBJECT_CONVERSION = YES_AGGRESSIVE;
				CLANG_CXX_LANGUAGE_STANDARD = "gnu++14";
				CLANG_CXX_LIBRARY = "libc++";
				CLANG_ENABLE_MODULES = YES;
				CLANG_ENABLE_OBJC_ARC = YES;
				CLANG_ENABLE_OBJC_WEAK = YES;
				CLANG_WARN_BLOCK_CAPTURE_AUTORELEASING = YES;
				CLANG_WARN_BOOL_CONVERSION = YES;
				CLANG_WARN_COMMA = YES;
				CLANG_WARN_CONSTANT_CONVERSION = YES;
				CLANG_WARN_DEPRECATED_OBJC_IMPLEMENTATIONS = YES;
				CLANG_WARN_DIRECT_OBJC_ISA_USAGE = YES_ERROR;
				CLANG_WARN_DOCUMENTATION_COMMENTS = YES;
				CLANG_WARN_EMPTY_BODY = YES;
				CLANG_WARN_ENUM_CONVERSION = YES;
				CLANG_WARN_INFINITE_RECURSION = YES;
				CLANG_WARN_INT_CONVERSION = YES;
				CLANG_WARN_NON_LITERAL_NULL_CONVERSION = YES;
				CLANG_WARN_OBJC_IMPLICIT_RETAIN_SELF = YES;
				CLANG_WARN_OBJC_LITERAL_CONVERSION = YES;
				CLANG_WARN_OBJC_ROOT_CLASS = YES_ERROR;
				CLANG_WARN_QUOTED_INCLUDE_IN_FRAMEWORK_HEADER = YES;
				CLANG_WARN_RANGE_LOOP_ANALYSIS = YES;
				CLANG_WARN_STRICT_PROTOTYPES = YES;
				CLANG_WARN_SUSPICIOUS_MOVE = YES;
				CLANG_WARN_UNGUARDED_AVAILABILITY = YES_AGGRESSIVE;
				CLANG_WARN_UNREACHABLE_CODE = YES;
				CLANG_WARN__DUPLICATE_METHOD_MATCH = YES;
				COPY_PHASE_STRIP = NO;
				DEBUG_INFORMATION_FORMAT = "dwarf-with-dsym";
				ENABLE_NS_ASSERTIONS = NO;
				ENABLE_STRICT_OBJC_MSGSEND = YES;
				GCC_C_LANGUAGE_STANDARD = gnu11;
				GCC_NO_COMMON_BLOCKS = YES;
				GCC_WARN_64_TO_32_BIT_CONVERSION = YES;
				GCC_WARN_ABOUT_RETURN_TYPE = YES_ERROR;
				GCC_WARN_UNDECLARED_SELECTOR = YES;
				GCC_WARN_UNINITIALIZED_AUTOS = YES_AGGRESSIVE;
				GCC_WARN_UNUSED_FUNCTION = YES;
				GCC_WARN_UNUSED_VARIABLE = YES;
				IPHONEOS_DEPLOYMENT_TARGET = 14.4;
				MTL_ENABLE_DEBUG_INFO = NO;
				MTL_FAST_MATH = YES;
				SDKROOT = iphoneos;
				SWIFT_COMPILATION_MODE = wholemodule;
				SWIFT_OPTIMIZATION_LEVEL = "-O";
				VALIDATE_PRODUCT = YES;
			};
			name = Release;
		};
		566288AF2621524400595EEC /* Debug */ = {
			isa = XCBuildConfiguration;
			baseConfigurationReference = E9F2001927BBF35BAA41A3F5 /* Pods-AR Shop.debug.xcconfig */;
			buildSettings = {
				ASSETCATALOG_COMPILER_APPICON_NAME = AppIcon;
				ASSETCATALOG_COMPILER_GLOBAL_ACCENT_COLOR_NAME = AccentColor;
				CODE_SIGN_STYLE = Automatic;
				DEVELOPMENT_TEAM = 6U5D4S4U6V;
				INFOPLIST_FILE = "AR Shop/Info.plist";
				IPHONEOS_DEPLOYMENT_TARGET = 13.0;
				LD_RUNPATH_SEARCH_PATHS = (
					"$(inherited)",
					"@executable_path/Frameworks",
				);
				PRODUCT_BUNDLE_IDENTIFIER = "com.neelmewada.AR-Shop";
				PRODUCT_NAME = "$(TARGET_NAME)";
				SWIFT_VERSION = 5.0;
				TARGETED_DEVICE_FAMILY = "1,2";
			};
			name = Debug;
		};
		566288B02621524400595EEC /* Release */ = {
			isa = XCBuildConfiguration;
			baseConfigurationReference = 1AC55A09F5670FF955A2A4B4 /* Pods-AR Shop.release.xcconfig */;
			buildSettings = {
				ASSETCATALOG_COMPILER_APPICON_NAME = AppIcon;
				ASSETCATALOG_COMPILER_GLOBAL_ACCENT_COLOR_NAME = AccentColor;
				CODE_SIGN_STYLE = Automatic;
				DEVELOPMENT_TEAM = 6U5D4S4U6V;
				INFOPLIST_FILE = "AR Shop/Info.plist";
				IPHONEOS_DEPLOYMENT_TARGET = 13.0;
				LD_RUNPATH_SEARCH_PATHS = (
					"$(inherited)",
					"@executable_path/Frameworks",
				);
				PRODUCT_BUNDLE_IDENTIFIER = "com.neelmewada.AR-Shop";
				PRODUCT_NAME = "$(TARGET_NAME)";
				SWIFT_VERSION = 5.0;
				TARGETED_DEVICE_FAMILY = "1,2";
			};
			name = Release;
		};
/* End XCBuildConfiguration section */

/* Begin XCConfigurationList section */
		566288952621524000595EEC /* Build configuration list for PBXProject "AR Shop" */ = {
			isa = XCConfigurationList;
			buildConfigurations = (
				566288AC2621524400595EEC /* Debug */,
				566288AD2621524400595EEC /* Release */,
			);
			defaultConfigurationIsVisible = 0;
			defaultConfigurationName = Release;
		};
		566288AE2621524400595EEC /* Build configuration list for PBXNativeTarget "AR Shop" */ = {
			isa = XCConfigurationList;
			buildConfigurations = (
				566288AF2621524400595EEC /* Debug */,
				566288B02621524400595EEC /* Release */,
			);
			defaultConfigurationIsVisible = 0;
			defaultConfigurationName = Release;
		};
/* End XCConfigurationList section */
	};
	rootObject = 566288922621524000595EEC /* Project object */;
}
